// !$*UTF8*$!
{
	archiveVersion = 1;
	classes = {
	};
	objectVersion = 46;
	objects = {

/* Begin PBXBuildFile section */
		941E60941937F6F8004A61F7 /* devconsole.lua in Resources */ = {isa = PBXBuildFile; fileRef = 941E60931937F6F8004A61F7 /* devconsole.lua */; };
		9443A78F190C492600C7D543 /* lapi.c in Sources */ = {isa = PBXBuildFile; fileRef = 9443A756190C492600C7D543 /* lapi.c */; };
		9443A790190C492600C7D543 /* lauxlib.c in Sources */ = {isa = PBXBuildFile; fileRef = 9443A758190C492600C7D543 /* lauxlib.c */; };
		9443A791190C492600C7D543 /* lbaselib.c in Sources */ = {isa = PBXBuildFile; fileRef = 9443A75A190C492600C7D543 /* lbaselib.c */; };
		9443A792190C492600C7D543 /* lbitlib.c in Sources */ = {isa = PBXBuildFile; fileRef = 9443A75B190C492600C7D543 /* lbitlib.c */; };
		9443A793190C492600C7D543 /* lcode.c in Sources */ = {isa = PBXBuildFile; fileRef = 9443A75C190C492600C7D543 /* lcode.c */; };
		9443A794190C492600C7D543 /* lcorolib.c in Sources */ = {isa = PBXBuildFile; fileRef = 9443A75E190C492600C7D543 /* lcorolib.c */; };
		9443A795190C492600C7D543 /* lctype.c in Sources */ = {isa = PBXBuildFile; fileRef = 9443A75F190C492600C7D543 /* lctype.c */; };
		9443A796190C492600C7D543 /* ldblib.c in Sources */ = {isa = PBXBuildFile; fileRef = 9443A761190C492600C7D543 /* ldblib.c */; };
		9443A797190C492600C7D543 /* ldebug.c in Sources */ = {isa = PBXBuildFile; fileRef = 9443A762190C492600C7D543 /* ldebug.c */; };
		9443A798190C492600C7D543 /* ldo.c in Sources */ = {isa = PBXBuildFile; fileRef = 9443A764190C492600C7D543 /* ldo.c */; };
		9443A799190C492600C7D543 /* ldump.c in Sources */ = {isa = PBXBuildFile; fileRef = 9443A766190C492600C7D543 /* ldump.c */; };
		9443A79A190C492600C7D543 /* lfunc.c in Sources */ = {isa = PBXBuildFile; fileRef = 9443A767190C492600C7D543 /* lfunc.c */; };
		9443A79B190C492600C7D543 /* lgc.c in Sources */ = {isa = PBXBuildFile; fileRef = 9443A769190C492600C7D543 /* lgc.c */; };
		9443A79C190C492600C7D543 /* linit.c in Sources */ = {isa = PBXBuildFile; fileRef = 9443A76B190C492600C7D543 /* linit.c */; };
		9443A79D190C492600C7D543 /* liolib.c in Sources */ = {isa = PBXBuildFile; fileRef = 9443A76C190C492600C7D543 /* liolib.c */; };
		9443A79E190C492600C7D543 /* llex.c in Sources */ = {isa = PBXBuildFile; fileRef = 9443A76D190C492600C7D543 /* llex.c */; };
		9443A79F190C492600C7D543 /* lmathlib.c in Sources */ = {isa = PBXBuildFile; fileRef = 9443A770190C492600C7D543 /* lmathlib.c */; };
		9443A7A0190C492600C7D543 /* lmem.c in Sources */ = {isa = PBXBuildFile; fileRef = 9443A771190C492600C7D543 /* lmem.c */; };
		9443A7A1190C492600C7D543 /* loadlib.c in Sources */ = {isa = PBXBuildFile; fileRef = 9443A773190C492600C7D543 /* loadlib.c */; };
		9443A7A2190C492600C7D543 /* lobject.c in Sources */ = {isa = PBXBuildFile; fileRef = 9443A774190C492600C7D543 /* lobject.c */; };
		9443A7A3190C492600C7D543 /* lopcodes.c in Sources */ = {isa = PBXBuildFile; fileRef = 9443A776190C492600C7D543 /* lopcodes.c */; };
		9443A7A4190C492600C7D543 /* loslib.c in Sources */ = {isa = PBXBuildFile; fileRef = 9443A778190C492600C7D543 /* loslib.c */; };
		9443A7A5190C492600C7D543 /* lparser.c in Sources */ = {isa = PBXBuildFile; fileRef = 9443A779190C492600C7D543 /* lparser.c */; };
		9443A7A6190C492600C7D543 /* lstate.c in Sources */ = {isa = PBXBuildFile; fileRef = 9443A77B190C492600C7D543 /* lstate.c */; };
		9443A7A7190C492600C7D543 /* lstring.c in Sources */ = {isa = PBXBuildFile; fileRef = 9443A77D190C492600C7D543 /* lstring.c */; };
		9443A7A8190C492600C7D543 /* lstrlib.c in Sources */ = {isa = PBXBuildFile; fileRef = 9443A77F190C492600C7D543 /* lstrlib.c */; };
		9443A7A9190C492600C7D543 /* ltable.c in Sources */ = {isa = PBXBuildFile; fileRef = 9443A780190C492600C7D543 /* ltable.c */; };
		9443A7AA190C492600C7D543 /* ltablib.c in Sources */ = {isa = PBXBuildFile; fileRef = 9443A782190C492600C7D543 /* ltablib.c */; };
		9443A7AB190C492600C7D543 /* ltm.c in Sources */ = {isa = PBXBuildFile; fileRef = 9443A783190C492600C7D543 /* ltm.c */; };
		9443A7AC190C492600C7D543 /* lundump.c in Sources */ = {isa = PBXBuildFile; fileRef = 9443A789190C492600C7D543 /* lundump.c */; };
		9443A7AD190C492600C7D543 /* lvm.c in Sources */ = {isa = PBXBuildFile; fileRef = 9443A78B190C492600C7D543 /* lvm.c */; };
		9443A7AE190C492600C7D543 /* lzio.c in Sources */ = {isa = PBXBuildFile; fileRef = 9443A78D190C492600C7D543 /* lzio.c */; };
		9443A7B0190C513200C7D543 /* init.lua in Resources */ = {isa = PBXBuildFile; fileRef = 9443A7AF190C513200C7D543 /* init.lua */; };
		9443A7B5190C51EF00C7D543 /* KOWindowController.xib in Resources */ = {isa = PBXBuildFile; fileRef = 9443A7B3190C51EF00C7D543 /* KOWindowController.xib */; };
		9443A7B7190C530500C7D543 /* window.m in Sources */ = {isa = PBXBuildFile; fileRef = 9443A7B6190C530500C7D543 /* window.m */; };
		94692AA2190F399C00DDF7DC /* KOWindowController.m in Sources */ = {isa = PBXBuildFile; fileRef = 94692A9F190F399C00DDF7DC /* KOWindowController.m */; };
		94692AA3190F399C00DDF7DC /* KOTextView.m in Sources */ = {isa = PBXBuildFile; fileRef = 94692AA1190F399C00DDF7DC /* KOTextView.m */; };
		94FE19841909BF3B0071DC3C /* Cocoa.framework in Frameworks */ = {isa = PBXBuildFile; fileRef = 94FE19831909BF3B0071DC3C /* Cocoa.framework */; };
		94FE19901909BF3B0071DC3C /* main.m in Sources */ = {isa = PBXBuildFile; fileRef = 94FE198F1909BF3B0071DC3C /* main.m */; };
		94FE19971909BF3B0071DC3C /* KOAppDelegate.m in Sources */ = {isa = PBXBuildFile; fileRef = 94FE19961909BF3B0071DC3C /* KOAppDelegate.m */; };
		94FE199A1909BF3B0071DC3C /* MainMenu.xib in Resources */ = {isa = PBXBuildFile; fileRef = 94FE19981909BF3B0071DC3C /* MainMenu.xib */; };
		94FE199C1909BF3B0071DC3C /* Images.xcassets in Resources */ = {isa = PBXBuildFile; fileRef = 94FE199B1909BF3B0071DC3C /* Images.xcassets */; };
/* End PBXBuildFile section */

/* Begin PBXFileReference section */
		941E60931937F6F8004A61F7 /* devconsole.lua */ = {isa = PBXFileReference; fileEncoding = 4; lastKnownFileType = text; path = devconsole.lua; sourceTree = "<group>"; };
		9443A756190C492600C7D543 /* lapi.c */ = {isa = PBXFileReference; fileEncoding = 4; lastKnownFileType = sourcecode.c.c; path = lapi.c; sourceTree = "<group>"; };
		9443A757190C492600C7D543 /* lapi.h */ = {isa = PBXFileReference; fileEncoding = 4; lastKnownFileType = sourcecode.c.h; path = lapi.h; sourceTree = "<group>"; };
		9443A758190C492600C7D543 /* lauxlib.c */ = {isa = PBXFileReference; fileEncoding = 4; lastKnownFileType = sourcecode.c.c; path = lauxlib.c; sourceTree = "<group>"; };
		9443A759190C492600C7D543 /* lauxlib.h */ = {isa = PBXFileReference; fileEncoding = 4; lastKnownFileType = sourcecode.c.h; path = lauxlib.h; sourceTree = "<group>"; };
		9443A75A190C492600C7D543 /* lbaselib.c */ = {isa = PBXFileReference; fileEncoding = 4; lastKnownFileType = sourcecode.c.c; path = lbaselib.c; sourceTree = "<group>"; };
		9443A75B190C492600C7D543 /* lbitlib.c */ = {isa = PBXFileReference; fileEncoding = 4; lastKnownFileType = sourcecode.c.c; path = lbitlib.c; sourceTree = "<group>"; };
		9443A75C190C492600C7D543 /* lcode.c */ = {isa = PBXFileReference; fileEncoding = 4; lastKnownFileType = sourcecode.c.c; path = lcode.c; sourceTree = "<group>"; };
		9443A75D190C492600C7D543 /* lcode.h */ = {isa = PBXFileReference; fileEncoding = 4; lastKnownFileType = sourcecode.c.h; path = lcode.h; sourceTree = "<group>"; };
		9443A75E190C492600C7D543 /* lcorolib.c */ = {isa = PBXFileReference; fileEncoding = 4; lastKnownFileType = sourcecode.c.c; path = lcorolib.c; sourceTree = "<group>"; };
		9443A75F190C492600C7D543 /* lctype.c */ = {isa = PBXFileReference; fileEncoding = 4; lastKnownFileType = sourcecode.c.c; path = lctype.c; sourceTree = "<group>"; };
		9443A760190C492600C7D543 /* lctype.h */ = {isa = PBXFileReference; fileEncoding = 4; lastKnownFileType = sourcecode.c.h; path = lctype.h; sourceTree = "<group>"; };
		9443A761190C492600C7D543 /* ldblib.c */ = {isa = PBXFileReference; fileEncoding = 4; lastKnownFileType = sourcecode.c.c; path = ldblib.c; sourceTree = "<group>"; };
		9443A762190C492600C7D543 /* ldebug.c */ = {isa = PBXFileReference; fileEncoding = 4; lastKnownFileType = sourcecode.c.c; path = ldebug.c; sourceTree = "<group>"; };
		9443A763190C492600C7D543 /* ldebug.h */ = {isa = PBXFileReference; fileEncoding = 4; lastKnownFileType = sourcecode.c.h; path = ldebug.h; sourceTree = "<group>"; };
		9443A764190C492600C7D543 /* ldo.c */ = {isa = PBXFileReference; fileEncoding = 4; lastKnownFileType = sourcecode.c.c; path = ldo.c; sourceTree = "<group>"; };
		9443A765190C492600C7D543 /* ldo.h */ = {isa = PBXFileReference; fileEncoding = 4; lastKnownFileType = sourcecode.c.h; path = ldo.h; sourceTree = "<group>"; };
		9443A766190C492600C7D543 /* ldump.c */ = {isa = PBXFileReference; fileEncoding = 4; lastKnownFileType = sourcecode.c.c; path = ldump.c; sourceTree = "<group>"; };
		9443A767190C492600C7D543 /* lfunc.c */ = {isa = PBXFileReference; fileEncoding = 4; lastKnownFileType = sourcecode.c.c; path = lfunc.c; sourceTree = "<group>"; };
		9443A768190C492600C7D543 /* lfunc.h */ = {isa = PBXFileReference; fileEncoding = 4; lastKnownFileType = sourcecode.c.h; path = lfunc.h; sourceTree = "<group>"; };
		9443A769190C492600C7D543 /* lgc.c */ = {isa = PBXFileReference; fileEncoding = 4; lastKnownFileType = sourcecode.c.c; path = lgc.c; sourceTree = "<group>"; };
		9443A76A190C492600C7D543 /* lgc.h */ = {isa = PBXFileReference; fileEncoding = 4; lastKnownFileType = sourcecode.c.h; path = lgc.h; sourceTree = "<group>"; };
		9443A76B190C492600C7D543 /* linit.c */ = {isa = PBXFileReference; fileEncoding = 4; lastKnownFileType = sourcecode.c.c; path = linit.c; sourceTree = "<group>"; };
		9443A76C190C492600C7D543 /* liolib.c */ = {isa = PBXFileReference; fileEncoding = 4; lastKnownFileType = sourcecode.c.c; path = liolib.c; sourceTree = "<group>"; };
		9443A76D190C492600C7D543 /* llex.c */ = {isa = PBXFileReference; fileEncoding = 4; lastKnownFileType = sourcecode.c.c; path = llex.c; sourceTree = "<group>"; };
		9443A76E190C492600C7D543 /* llex.h */ = {isa = PBXFileReference; fileEncoding = 4; lastKnownFileType = sourcecode.c.h; path = llex.h; sourceTree = "<group>"; };
		9443A76F190C492600C7D543 /* llimits.h */ = {isa = PBXFileReference; fileEncoding = 4; lastKnownFileType = sourcecode.c.h; path = llimits.h; sourceTree = "<group>"; };
		9443A770190C492600C7D543 /* lmathlib.c */ = {isa = PBXFileReference; fileEncoding = 4; lastKnownFileType = sourcecode.c.c; path = lmathlib.c; sourceTree = "<group>"; };
		9443A771190C492600C7D543 /* lmem.c */ = {isa = PBXFileReference; fileEncoding = 4; lastKnownFileType = sourcecode.c.c; path = lmem.c; sourceTree = "<group>"; };
		9443A772190C492600C7D543 /* lmem.h */ = {isa = PBXFileReference; fileEncoding = 4; lastKnownFileType = sourcecode.c.h; path = lmem.h; sourceTree = "<group>"; };
		9443A773190C492600C7D543 /* loadlib.c */ = {isa = PBXFileReference; fileEncoding = 4; lastKnownFileType = sourcecode.c.c; path = loadlib.c; sourceTree = "<group>"; };
		9443A774190C492600C7D543 /* lobject.c */ = {isa = PBXFileReference; fileEncoding = 4; lastKnownFileType = sourcecode.c.c; path = lobject.c; sourceTree = "<group>"; };
		9443A775190C492600C7D543 /* lobject.h */ = {isa = PBXFileReference; fileEncoding = 4; lastKnownFileType = sourcecode.c.h; path = lobject.h; sourceTree = "<group>"; };
		9443A776190C492600C7D543 /* lopcodes.c */ = {isa = PBXFileReference; fileEncoding = 4; lastKnownFileType = sourcecode.c.c; path = lopcodes.c; sourceTree = "<group>"; };
		9443A777190C492600C7D543 /* lopcodes.h */ = {isa = PBXFileReference; fileEncoding = 4; lastKnownFileType = sourcecode.c.h; path = lopcodes.h; sourceTree = "<group>"; };
		9443A778190C492600C7D543 /* loslib.c */ = {isa = PBXFileReference; fileEncoding = 4; lastKnownFileType = sourcecode.c.c; path = loslib.c; sourceTree = "<group>"; };
		9443A779190C492600C7D543 /* lparser.c */ = {isa = PBXFileReference; fileEncoding = 4; lastKnownFileType = sourcecode.c.c; path = lparser.c; sourceTree = "<group>"; };
		9443A77A190C492600C7D543 /* lparser.h */ = {isa = PBXFileReference; fileEncoding = 4; lastKnownFileType = sourcecode.c.h; path = lparser.h; sourceTree = "<group>"; };
		9443A77B190C492600C7D543 /* lstate.c */ = {isa = PBXFileReference; fileEncoding = 4; lastKnownFileType = sourcecode.c.c; path = lstate.c; sourceTree = "<group>"; };
		9443A77C190C492600C7D543 /* lstate.h */ = {isa = PBXFileReference; fileEncoding = 4; lastKnownFileType = sourcecode.c.h; path = lstate.h; sourceTree = "<group>"; };
		9443A77D190C492600C7D543 /* lstring.c */ = {isa = PBXFileReference; fileEncoding = 4; lastKnownFileType = sourcecode.c.c; path = lstring.c; sourceTree = "<group>"; };
		9443A77E190C492600C7D543 /* lstring.h */ = {isa = PBXFileReference; fileEncoding = 4; lastKnownFileType = sourcecode.c.h; path = lstring.h; sourceTree = "<group>"; };
		9443A77F190C492600C7D543 /* lstrlib.c */ = {isa = PBXFileReference; fileEncoding = 4; lastKnownFileType = sourcecode.c.c; path = lstrlib.c; sourceTree = "<group>"; };
		9443A780190C492600C7D543 /* ltable.c */ = {isa = PBXFileReference; fileEncoding = 4; lastKnownFileType = sourcecode.c.c; path = ltable.c; sourceTree = "<group>"; };
		9443A781190C492600C7D543 /* ltable.h */ = {isa = PBXFileReference; fileEncoding = 4; lastKnownFileType = sourcecode.c.h; path = ltable.h; sourceTree = "<group>"; };
		9443A782190C492600C7D543 /* ltablib.c */ = {isa = PBXFileReference; fileEncoding = 4; lastKnownFileType = sourcecode.c.c; path = ltablib.c; sourceTree = "<group>"; };
		9443A783190C492600C7D543 /* ltm.c */ = {isa = PBXFileReference; fileEncoding = 4; lastKnownFileType = sourcecode.c.c; path = ltm.c; sourceTree = "<group>"; };
		9443A784190C492600C7D543 /* ltm.h */ = {isa = PBXFileReference; fileEncoding = 4; lastKnownFileType = sourcecode.c.h; path = ltm.h; sourceTree = "<group>"; };
		9443A785190C492600C7D543 /* lua.h */ = {isa = PBXFileReference; fileEncoding = 4; lastKnownFileType = sourcecode.c.h; path = lua.h; sourceTree = "<group>"; };
		9443A786190C492600C7D543 /* lua.hpp */ = {isa = PBXFileReference; fileEncoding = 4; lastKnownFileType = sourcecode.cpp.h; path = lua.hpp; sourceTree = "<group>"; };
		9443A787190C492600C7D543 /* luaconf.h */ = {isa = PBXFileReference; fileEncoding = 4; lastKnownFileType = sourcecode.c.h; path = luaconf.h; sourceTree = "<group>"; };
		9443A788190C492600C7D543 /* lualib.h */ = {isa = PBXFileReference; fileEncoding = 4; lastKnownFileType = sourcecode.c.h; path = lualib.h; sourceTree = "<group>"; };
		9443A789190C492600C7D543 /* lundump.c */ = {isa = PBXFileReference; fileEncoding = 4; lastKnownFileType = sourcecode.c.c; path = lundump.c; sourceTree = "<group>"; };
		9443A78A190C492600C7D543 /* lundump.h */ = {isa = PBXFileReference; fileEncoding = 4; lastKnownFileType = sourcecode.c.h; path = lundump.h; sourceTree = "<group>"; };
		9443A78B190C492600C7D543 /* lvm.c */ = {isa = PBXFileReference; fileEncoding = 4; lastKnownFileType = sourcecode.c.c; path = lvm.c; sourceTree = "<group>"; };
		9443A78C190C492600C7D543 /* lvm.h */ = {isa = PBXFileReference; fileEncoding = 4; lastKnownFileType = sourcecode.c.h; path = lvm.h; sourceTree = "<group>"; };
		9443A78D190C492600C7D543 /* lzio.c */ = {isa = PBXFileReference; fileEncoding = 4; lastKnownFileType = sourcecode.c.c; path = lzio.c; sourceTree = "<group>"; };
		9443A78E190C492600C7D543 /* lzio.h */ = {isa = PBXFileReference; fileEncoding = 4; lastKnownFileType = sourcecode.c.h; path = lzio.h; sourceTree = "<group>"; };
		9443A7AF190C513200C7D543 /* init.lua */ = {isa = PBXFileReference; fileEncoding = 4; lastKnownFileType = text; path = init.lua; sourceTree = "<group>"; };
		9443A7B3190C51EF00C7D543 /* KOWindowController.xib */ = {isa = PBXFileReference; fileEncoding = 4; lastKnownFileType = file.xib; path = KOWindowController.xib; sourceTree = "<group>"; };
		9443A7B6190C530500C7D543 /* window.m */ = {isa = PBXFileReference; fileEncoding = 4; lastKnownFileType = sourcecode.c.objc; path = window.m; sourceTree = "<group>"; };
		94692A9E190F399C00DDF7DC /* KOWindowController.h */ = {isa = PBXFileReference; fileEncoding = 4; lastKnownFileType = sourcecode.c.h; path = KOWindowController.h; sourceTree = "<group>"; };
		94692A9F190F399C00DDF7DC /* KOWindowController.m */ = {isa = PBXFileReference; fileEncoding = 4; lastKnownFileType = sourcecode.c.objc; path = KOWindowController.m; sourceTree = "<group>"; };
		94692AA0190F399C00DDF7DC /* KOTextView.h */ = {isa = PBXFileReference; fileEncoding = 4; lastKnownFileType = sourcecode.c.h; path = KOTextView.h; sourceTree = "<group>"; };
		94692AA1190F399C00DDF7DC /* KOTextView.m */ = {isa = PBXFileReference; fileEncoding = 4; lastKnownFileType = sourcecode.c.objc; path = KOTextView.m; sourceTree = "<group>"; };
		94FE19801909BF3B0071DC3C /* Chaos.app */ = {isa = PBXFileReference; explicitFileType = wrapper.application; includeInIndex = 0; path = Chaos.app; sourceTree = BUILT_PRODUCTS_DIR; };
		94FE19831909BF3B0071DC3C /* Cocoa.framework */ = {isa = PBXFileReference; lastKnownFileType = wrapper.framework; name = Cocoa.framework; path = System/Library/Frameworks/Cocoa.framework; sourceTree = SDKROOT; };
		94FE19861909BF3B0071DC3C /* AppKit.framework */ = {isa = PBXFileReference; lastKnownFileType = wrapper.framework; name = AppKit.framework; path = System/Library/Frameworks/AppKit.framework; sourceTree = SDKROOT; };
		94FE19871909BF3B0071DC3C /* CoreData.framework */ = {isa = PBXFileReference; lastKnownFileType = wrapper.framework; name = CoreData.framework; path = System/Library/Frameworks/CoreData.framework; sourceTree = SDKROOT; };
		94FE19881909BF3B0071DC3C /* Foundation.framework */ = {isa = PBXFileReference; lastKnownFileType = wrapper.framework; name = Foundation.framework; path = System/Library/Frameworks/Foundation.framework; sourceTree = SDKROOT; };
		94FE198B1909BF3B0071DC3C /* Chaos-Info.plist */ = {isa = PBXFileReference; lastKnownFileType = text.plist.xml; path = "Chaos-Info.plist"; sourceTree = "<group>"; };
		94FE198F1909BF3B0071DC3C /* main.m */ = {isa = PBXFileReference; lastKnownFileType = sourcecode.c.objc; path = main.m; sourceTree = "<group>"; };
		94FE19911909BF3B0071DC3C /* Chaos-Prefix.pch */ = {isa = PBXFileReference; lastKnownFileType = sourcecode.c.h; path = "Chaos-Prefix.pch"; sourceTree = "<group>"; };
		94FE19951909BF3B0071DC3C /* KOAppDelegate.h */ = {isa = PBXFileReference; lastKnownFileType = sourcecode.c.h; path = KOAppDelegate.h; sourceTree = "<group>"; };
		94FE19961909BF3B0071DC3C /* KOAppDelegate.m */ = {isa = PBXFileReference; lastKnownFileType = sourcecode.c.objc; path = KOAppDelegate.m; sourceTree = "<group>"; };
		94FE19991909BF3B0071DC3C /* Base */ = {isa = PBXFileReference; lastKnownFileType = file.xib; name = Base; path = Base.lproj/MainMenu.xib; sourceTree = "<group>"; };
		94FE199B1909BF3B0071DC3C /* Images.xcassets */ = {isa = PBXFileReference; lastKnownFileType = folder.assetcatalog; path = Images.xcassets; sourceTree = "<group>"; };
		94FE19A21909BF3B0071DC3C /* XCTest.framework */ = {isa = PBXFileReference; lastKnownFileType = wrapper.framework; name = XCTest.framework; path = Library/Frameworks/XCTest.framework; sourceTree = DEVELOPER_DIR; };
/* End PBXFileReference section */

/* Begin PBXFrameworksBuildPhase section */
		94FE197D1909BF3B0071DC3C /* Frameworks */ = {
			isa = PBXFrameworksBuildPhase;
			buildActionMask = 2147483647;
			files = (
				94FE19841909BF3B0071DC3C /* Cocoa.framework in Frameworks */,
			);
			runOnlyForDeploymentPostprocessing = 0;
		};
/* End PBXFrameworksBuildPhase section */

/* Begin PBXGroup section */
		9443A755190C492600C7D543 /* lua */ = {
			isa = PBXGroup;
			children = (
				9443A756190C492600C7D543 /* lapi.c */,
				9443A757190C492600C7D543 /* lapi.h */,
				9443A758190C492600C7D543 /* lauxlib.c */,
				9443A759190C492600C7D543 /* lauxlib.h */,
				9443A75A190C492600C7D543 /* lbaselib.c */,
				9443A75B190C492600C7D543 /* lbitlib.c */,
				9443A75C190C492600C7D543 /* lcode.c */,
				9443A75D190C492600C7D543 /* lcode.h */,
				9443A75E190C492600C7D543 /* lcorolib.c */,
				9443A75F190C492600C7D543 /* lctype.c */,
				9443A760190C492600C7D543 /* lctype.h */,
				9443A761190C492600C7D543 /* ldblib.c */,
				9443A762190C492600C7D543 /* ldebug.c */,
				9443A763190C492600C7D543 /* ldebug.h */,
				9443A764190C492600C7D543 /* ldo.c */,
				9443A765190C492600C7D543 /* ldo.h */,
				9443A766190C492600C7D543 /* ldump.c */,
				9443A767190C492600C7D543 /* lfunc.c */,
				9443A768190C492600C7D543 /* lfunc.h */,
				9443A769190C492600C7D543 /* lgc.c */,
				9443A76A190C492600C7D543 /* lgc.h */,
				9443A76B190C492600C7D543 /* linit.c */,
				9443A76C190C492600C7D543 /* liolib.c */,
				9443A76D190C492600C7D543 /* llex.c */,
				9443A76E190C492600C7D543 /* llex.h */,
				9443A76F190C492600C7D543 /* llimits.h */,
				9443A770190C492600C7D543 /* lmathlib.c */,
				9443A771190C492600C7D543 /* lmem.c */,
				9443A772190C492600C7D543 /* lmem.h */,
				9443A773190C492600C7D543 /* loadlib.c */,
				9443A774190C492600C7D543 /* lobject.c */,
				9443A775190C492600C7D543 /* lobject.h */,
				9443A776190C492600C7D543 /* lopcodes.c */,
				9443A777190C492600C7D543 /* lopcodes.h */,
				9443A778190C492600C7D543 /* loslib.c */,
				9443A779190C492600C7D543 /* lparser.c */,
				9443A77A190C492600C7D543 /* lparser.h */,
				9443A77B190C492600C7D543 /* lstate.c */,
				9443A77C190C492600C7D543 /* lstate.h */,
				9443A77D190C492600C7D543 /* lstring.c */,
				9443A77E190C492600C7D543 /* lstring.h */,
				9443A77F190C492600C7D543 /* lstrlib.c */,
				9443A780190C492600C7D543 /* ltable.c */,
				9443A781190C492600C7D543 /* ltable.h */,
				9443A782190C492600C7D543 /* ltablib.c */,
				9443A783190C492600C7D543 /* ltm.c */,
				9443A784190C492600C7D543 /* ltm.h */,
				9443A785190C492600C7D543 /* lua.h */,
				9443A786190C492600C7D543 /* lua.hpp */,
				9443A787190C492600C7D543 /* luaconf.h */,
				9443A788190C492600C7D543 /* lualib.h */,
				9443A789190C492600C7D543 /* lundump.c */,
				9443A78A190C492600C7D543 /* lundump.h */,
				9443A78B190C492600C7D543 /* lvm.c */,
				9443A78C190C492600C7D543 /* lvm.h */,
				9443A78D190C492600C7D543 /* lzio.c */,
				9443A78E190C492600C7D543 /* lzio.h */,
			);
			path = lua;
			sourceTree = "<group>";
		};
		94FE19771909BF3B0071DC3C = {
			isa = PBXGroup;
			children = (
				94FE19891909BF3B0071DC3C /* Chaos */,
				94FE19821909BF3B0071DC3C /* Frameworks */,
				94FE19811909BF3B0071DC3C /* Products */,
			);
			sourceTree = "<group>";
		};
		94FE19811909BF3B0071DC3C /* Products */ = {
			isa = PBXGroup;
			children = (
				94FE19801909BF3B0071DC3C /* Chaos.app */,
			);
			name = Products;
			sourceTree = "<group>";
		};
		94FE19821909BF3B0071DC3C /* Frameworks */ = {
			isa = PBXGroup;
			children = (
				94FE19831909BF3B0071DC3C /* Cocoa.framework */,
				94FE19A21909BF3B0071DC3C /* XCTest.framework */,
				94FE19851909BF3B0071DC3C /* Other Frameworks */,
			);
			name = Frameworks;
			sourceTree = "<group>";
		};
		94FE19851909BF3B0071DC3C /* Other Frameworks */ = {
			isa = PBXGroup;
			children = (
				94FE19861909BF3B0071DC3C /* AppKit.framework */,
				94FE19871909BF3B0071DC3C /* CoreData.framework */,
				94FE19881909BF3B0071DC3C /* Foundation.framework */,
			);
			name = "Other Frameworks";
			sourceTree = "<group>";
		};
		94FE19891909BF3B0071DC3C /* Chaos */ = {
			isa = PBXGroup;
			children = (
				9443A755190C492600C7D543 /* lua */,
				94FE19951909BF3B0071DC3C /* KOAppDelegate.h */,
				94FE19961909BF3B0071DC3C /* KOAppDelegate.m */,
				9443A7B3190C51EF00C7D543 /* KOWindowController.xib */,
				94692A9E190F399C00DDF7DC /* KOWindowController.h */,
				94692A9F190F399C00DDF7DC /* KOWindowController.m */,
				94692AA0190F399C00DDF7DC /* KOTextView.h */,
				94692AA1190F399C00DDF7DC /* KOTextView.m */,
				9443A7B6190C530500C7D543 /* window.m */,
				9443A7AF190C513200C7D543 /* init.lua */,
				941E60931937F6F8004A61F7 /* devconsole.lua */,
				94FE19981909BF3B0071DC3C /* MainMenu.xib */,
				94FE199B1909BF3B0071DC3C /* Images.xcassets */,
				94FE198A1909BF3B0071DC3C /* Supporting Files */,
			);
			path = Chaos;
			sourceTree = "<group>";
		};
		94FE198A1909BF3B0071DC3C /* Supporting Files */ = {
			isa = PBXGroup;
			children = (
				94FE198B1909BF3B0071DC3C /* Chaos-Info.plist */,
				94FE198F1909BF3B0071DC3C /* main.m */,
				94FE19911909BF3B0071DC3C /* Chaos-Prefix.pch */,
			);
			name = "Supporting Files";
			sourceTree = "<group>";
		};
/* End PBXGroup section */

/* Begin PBXNativeTarget section */
		94FE197F1909BF3B0071DC3C /* Chaos */ = {
			isa = PBXNativeTarget;
			buildConfigurationList = 94FE19B11909BF3B0071DC3C /* Build configuration list for PBXNativeTarget "Chaos" */;
			buildPhases = (
				94FE197C1909BF3B0071DC3C /* Sources */,
				94FE197D1909BF3B0071DC3C /* Frameworks */,
				94FE197E1909BF3B0071DC3C /* Resources */,
			);
			buildRules = (
			);
			dependencies = (
			);
			name = Chaos;
			productName = Chaos;
			productReference = 94FE19801909BF3B0071DC3C /* Chaos.app */;
			productType = "com.apple.product-type.application";
		};
/* End PBXNativeTarget section */

/* Begin PBXProject section */
		94FE19781909BF3B0071DC3C /* Project object */ = {
			isa = PBXProject;
			attributes = {
				CLASSPREFIX = KO;
				LastUpgradeCheck = 0510;
				ORGANIZATIONNAME = "Steven Degutis";
			};
			buildConfigurationList = 94FE197B1909BF3B0071DC3C /* Build configuration list for PBXProject "Chaos" */;
			compatibilityVersion = "Xcode 3.2";
			developmentRegion = English;
			hasScannedForEncodings = 0;
			knownRegions = (
				en,
				Base,
			);
			mainGroup = 94FE19771909BF3B0071DC3C;
			productRefGroup = 94FE19811909BF3B0071DC3C /* Products */;
			projectDirPath = "";
			projectRoot = "";
			targets = (
				94FE197F1909BF3B0071DC3C /* Chaos */,
			);
		};
/* End PBXProject section */

/* Begin PBXResourcesBuildPhase section */
		94FE197E1909BF3B0071DC3C /* Resources */ = {
			isa = PBXResourcesBuildPhase;
			buildActionMask = 2147483647;
			files = (
				94FE199C1909BF3B0071DC3C /* Images.xcassets in Resources */,
				941E60941937F6F8004A61F7 /* devconsole.lua in Resources */,
				9443A7B5190C51EF00C7D543 /* KOWindowController.xib in Resources */,
				9443A7B0190C513200C7D543 /* init.lua in Resources */,
				94FE199A1909BF3B0071DC3C /* MainMenu.xib in Resources */,
			);
			runOnlyForDeploymentPostprocessing = 0;
		};
/* End PBXResourcesBuildPhase section */

/* Begin PBXSourcesBuildPhase section */
		94FE197C1909BF3B0071DC3C /* Sources */ = {
			isa = PBXSourcesBuildPhase;
			buildActionMask = 2147483647;
			files = (
				9443A79D190C492600C7D543 /* liolib.c in Sources */,
				94692AA2190F399C00DDF7DC /* KOWindowController.m in Sources */,
				9443A79A190C492600C7D543 /* lfunc.c in Sources */,
				9443A798190C492600C7D543 /* ldo.c in Sources */,
				9443A7AB190C492600C7D543 /* ltm.c in Sources */,
				9443A7AC190C492600C7D543 /* lundump.c in Sources */,
				9443A795190C492600C7D543 /* lctype.c in Sources */,
				9443A7A3190C492600C7D543 /* lopcodes.c in Sources */,
				9443A7A7190C492600C7D543 /* lstring.c in Sources */,
				9443A79C190C492600C7D543 /* linit.c in Sources */,
				9443A7A1190C492600C7D543 /* loadlib.c in Sources */,
				9443A7AE190C492600C7D543 /* lzio.c in Sources */,
				94FE19971909BF3B0071DC3C /* KOAppDelegate.m in Sources */,
				9443A792190C492600C7D543 /* lbitlib.c in Sources */,
				9443A7A2190C492600C7D543 /* lobject.c in Sources */,
				9443A78F190C492600C7D543 /* lapi.c in Sources */,
				9443A797190C492600C7D543 /* ldebug.c in Sources */,
				9443A7A8190C492600C7D543 /* lstrlib.c in Sources */,
				9443A7B7190C530500C7D543 /* window.m in Sources */,
				94FE19901909BF3B0071DC3C /* main.m in Sources */,
				9443A790190C492600C7D543 /* lauxlib.c in Sources */,
				9443A7A6190C492600C7D543 /* lstate.c in Sources */,
				9443A7AD190C492600C7D543 /* lvm.c in Sources */,
				9443A79E190C492600C7D543 /* llex.c in Sources */,
				9443A7A0190C492600C7D543 /* lmem.c in Sources */,
				9443A796190C492600C7D543 /* ldblib.c in Sources */,
				9443A7A9190C492600C7D543 /* ltable.c in Sources */,
				9443A799190C492600C7D543 /* ldump.c in Sources */,
				9443A7A5190C492600C7D543 /* lparser.c in Sources */,
				9443A7A4190C492600C7D543 /* loslib.c in Sources */,
				9443A79B190C492600C7D543 /* lgc.c in Sources */,
				9443A79F190C492600C7D543 /* lmathlib.c in Sources */,
				9443A7AA190C492600C7D543 /* ltablib.c in Sources */,
				9443A794190C492600C7D543 /* lcorolib.c in Sources */,
				94692AA3190F399C00DDF7DC /* KOTextView.m in Sources */,
				9443A791190C492600C7D543 /* lbaselib.c in Sources */,
				9443A793190C492600C7D543 /* lcode.c in Sources */,
			);
			runOnlyForDeploymentPostprocessing = 0;
		};
/* End PBXSourcesBuildPhase section */

/* Begin PBXVariantGroup section */
		94FE19981909BF3B0071DC3C /* MainMenu.xib */ = {
			isa = PBXVariantGroup;
			children = (
				94FE19991909BF3B0071DC3C /* Base */,
			);
			name = MainMenu.xib;
			sourceTree = "<group>";
		};
/* End PBXVariantGroup section */

/* Begin XCBuildConfiguration section */
		94FE19AF1909BF3B0071DC3C /* Debug */ = {
			isa = XCBuildConfiguration;
			buildSettings = {
				ALWAYS_SEARCH_USER_PATHS = NO;
				CLANG_CXX_LANGUAGE_STANDARD = "gnu++0x";
				CLANG_CXX_LIBRARY = "libc++";
				CLANG_ENABLE_MODULES = YES;
				CLANG_ENABLE_OBJC_ARC = YES;
				CLANG_WARN_BOOL_CONVERSION = YES;
				CLANG_WARN_CONSTANT_CONVERSION = YES;
				CLANG_WARN_DIRECT_OBJC_ISA_USAGE = YES_ERROR;
				CLANG_WARN_EMPTY_BODY = YES;
				CLANG_WARN_ENUM_CONVERSION = YES;
				CLANG_WARN_INT_CONVERSION = YES;
				CLANG_WARN_OBJC_ROOT_CLASS = YES_ERROR;
				CLANG_WARN__DUPLICATE_METHOD_MATCH = YES;
				COPY_PHASE_STRIP = NO;
				GCC_C_LANGUAGE_STANDARD = gnu99;
				GCC_DYNAMIC_NO_PIC = NO;
				GCC_ENABLE_OBJC_EXCEPTIONS = YES;
				GCC_OPTIMIZATION_LEVEL = 0;
				GCC_PREPROCESSOR_DEFINITIONS = (
					"DEBUG=1",
					"$(inherited)",
				);
				GCC_SYMBOLS_PRIVATE_EXTERN = NO;
				GCC_WARN_64_TO_32_BIT_CONVERSION = YES;
				GCC_WARN_ABOUT_RETURN_TYPE = YES_ERROR;
				GCC_WARN_UNDECLARED_SELECTOR = YES;
				GCC_WARN_UNINITIALIZED_AUTOS = YES_AGGRESSIVE;
				GCC_WARN_UNUSED_FUNCTION = YES;
				GCC_WARN_UNUSED_VARIABLE = YES;
				MACOSX_DEPLOYMENT_TARGET = 10.9;
				ONLY_ACTIVE_ARCH = YES;
				SDKROOT = macosx;
			};
			name = Debug;
		};
		94FE19B01909BF3B0071DC3C /* Release */ = {
			isa = XCBuildConfiguration;
			buildSettings = {
				ALWAYS_SEARCH_USER_PATHS = NO;
				CLANG_CXX_LANGUAGE_STANDARD = "gnu++0x";
				CLANG_CXX_LIBRARY = "libc++";
				CLANG_ENABLE_MODULES = YES;
				CLANG_ENABLE_OBJC_ARC = YES;
				CLANG_WARN_BOOL_CONVERSION = YES;
				CLANG_WARN_CONSTANT_CONVERSION = YES;
				CLANG_WARN_DIRECT_OBJC_ISA_USAGE = YES_ERROR;
				CLANG_WARN_EMPTY_BODY = YES;
				CLANG_WARN_ENUM_CONVERSION = YES;
				CLANG_WARN_INT_CONVERSION = YES;
				CLANG_WARN_OBJC_ROOT_CLASS = YES_ERROR;
				CLANG_WARN__DUPLICATE_METHOD_MATCH = YES;
				COPY_PHASE_STRIP = YES;
				DEBUG_INFORMATION_FORMAT = "dwarf-with-dsym";
				ENABLE_NS_ASSERTIONS = NO;
				GCC_C_LANGUAGE_STANDARD = gnu99;
				GCC_ENABLE_OBJC_EXCEPTIONS = YES;
				GCC_WARN_64_TO_32_BIT_CONVERSION = YES;
				GCC_WARN_ABOUT_RETURN_TYPE = YES_ERROR;
				GCC_WARN_UNDECLARED_SELECTOR = YES;
				GCC_WARN_UNINITIALIZED_AUTOS = YES_AGGRESSIVE;
				GCC_WARN_UNUSED_FUNCTION = YES;
				GCC_WARN_UNUSED_VARIABLE = YES;
				MACOSX_DEPLOYMENT_TARGET = 10.9;
				SDKROOT = macosx;
			};
			name = Release;
		};
		94FE19B21909BF3B0071DC3C /* Debug */ = {
			isa = XCBuildConfiguration;
			buildSettings = {
				ASSETCATALOG_COMPILER_APPICON_NAME = AppIcon;
				COMBINE_HIDPI_IMAGES = YES;
				GCC_PRECOMPILE_PREFIX_HEADER = YES;
				GCC_PREFIX_HEADER = "Chaos/Chaos-Prefix.pch";
				INFOPLIST_FILE = "Chaos/Chaos-Info.plist";
				PRODUCT_NAME = "$(TARGET_NAME)";
				WRAPPER_EXTENSION = app;
			};
			name = Debug;
		};
		94FE19B31909BF3B0071DC3C /* Release */ = {
			isa = XCBuildConfiguration;
			buildSettings = {
				ASSETCATALOG_COMPILER_APPICON_NAME = AppIcon;
				COMBINE_HIDPI_IMAGES = YES;
				GCC_PRECOMPILE_PREFIX_HEADER = YES;
				GCC_PREFIX_HEADER = "Chaos/Chaos-Prefix.pch";
				INFOPLIST_FILE = "Chaos/Chaos-Info.plist";
				PRODUCT_NAME = "$(TARGET_NAME)";
				WRAPPER_EXTENSION = app;
			};
			name = Release;
		};
/* End XCBuildConfiguration section */

/* Begin XCConfigurationList section */
		94FE197B1909BF3B0071DC3C /* Build configuration list for PBXProject "Chaos" */ = {
			isa = XCConfigurationList;
			buildConfigurations = (
				94FE19AF1909BF3B0071DC3C /* Debug */,
				94FE19B01909BF3B0071DC3C /* Release */,
			);
			defaultConfigurationIsVisible = 0;
			defaultConfigurationName = Release;
		};
		94FE19B11909BF3B0071DC3C /* Build configuration list for PBXNativeTarget "Chaos" */ = {
			isa = XCConfigurationList;
			buildConfigurations = (
				94FE19B21909BF3B0071DC3C /* Debug */,
				94FE19B31909BF3B0071DC3C /* Release */,
			);
			defaultConfigurationIsVisible = 0;
			defaultConfigurationName = Release;
		};
/* End XCConfigurationList section */
	};
	rootObject = 94FE19781909BF3B0071DC3C /* Project object */;
}
